// !$*UTF8*$!
{
	archiveVersion = 1;
	classes = {
	};
	objectVersion = 50;
	objects = {

/* Begin PBXBuildFile section */
		5C3430C023AE884C0076E2E1 /* AppDelegate.swift in Sources */ = {isa = PBXBuildFile; fileRef = 5C3430BF23AE884C0076E2E1 /* AppDelegate.swift */; };
		5C3430C223AE884C0076E2E1 /* SceneDelegate.swift in Sources */ = {isa = PBXBuildFile; fileRef = 5C3430C123AE884C0076E2E1 /* SceneDelegate.swift */; };
		5C3430C423AE884C0076E2E1 /* ViewController.swift in Sources */ = {isa = PBXBuildFile; fileRef = 5C3430C323AE884C0076E2E1 /* ViewController.swift */; };
		5C3430C723AE884C0076E2E1 /* Main.storyboard in Resources */ = {isa = PBXBuildFile; fileRef = 5C3430C523AE884C0076E2E1 /* Main.storyboard */; };
		5C3430C923AE884D0076E2E1 /* Assets.xcassets in Resources */ = {isa = PBXBuildFile; fileRef = 5C3430C823AE884D0076E2E1 /* Assets.xcassets */; };
		5C3430CC23AE884D0076E2E1 /* LaunchScreen.storyboard in Resources */ = {isa = PBXBuildFile; fileRef = 5C3430CA23AE884D0076E2E1 /* LaunchScreen.storyboard */; };
		5C3430F623AEC23F0076E2E1 /* SnakesDao.swift in Sources */ = {isa = PBXBuildFile; fileRef = 5C3430F523AEC23F0076E2E1 /* SnakesDao.swift */; };
		5CEDBC0723AF1C620002FCC9 /* CoreRepository.framework in Frameworks */ = {isa = PBXBuildFile; fileRef = 5CEDBC0623AF1C620002FCC9 /* CoreRepository.framework */; };
		5CEDBC0823AF1C620002FCC9 /* CoreRepository.framework in Embed Frameworks */ = {isa = PBXBuildFile; fileRef = 5CEDBC0623AF1C620002FCC9 /* CoreRepository.framework */; settings = {ATTRIBUTES = (CodeSignOnCopy, RemoveHeadersOnCopy, ); }; };
		5CEDBC0A23BB067D0002FCC9 /* CoreView.framework in Frameworks */ = {isa = PBXBuildFile; fileRef = 5CEDBC0923BB067D0002FCC9 /* CoreView.framework */; };
		5CEDBC0B23BB067D0002FCC9 /* CoreView.framework in Embed Frameworks */ = {isa = PBXBuildFile; fileRef = 5CEDBC0923BB067D0002FCC9 /* CoreView.framework */; settings = {ATTRIBUTES = (CodeSignOnCopy, RemoveHeadersOnCopy, ); }; };
/* End PBXBuildFile section */

/* Begin PBXCopyFilesBuildPhase section */
		5CEDBBC723AF125B0002FCC9 /* Embed Frameworks */ = {
			isa = PBXCopyFilesBuildPhase;
			buildActionMask = 2147483647;
			dstPath = "";
			dstSubfolderSpec = 10;
			files = (
				5CEDBC0B23BB067D0002FCC9 /* CoreView.framework in Embed Frameworks */,
				5CEDBC0823AF1C620002FCC9 /* CoreRepository.framework in Embed Frameworks */,
			);
			name = "Embed Frameworks";
			runOnlyForDeploymentPostprocessing = 0;
		};
/* End PBXCopyFilesBuildPhase section */

/* Begin PBXFileReference section */
		5C3430BC23AE884C0076E2E1 /* ModulesExperiment.app */ = {isa = PBXFileReference; explicitFileType = wrapper.application; includeInIndex = 0; path = ModulesExperiment.app; sourceTree = BUILT_PRODUCTS_DIR; };
		5C3430BF23AE884C0076E2E1 /* AppDelegate.swift */ = {isa = PBXFileReference; lastKnownFileType = sourcecode.swift; path = AppDelegate.swift; sourceTree = "<group>"; };
		5C3430C123AE884C0076E2E1 /* SceneDelegate.swift */ = {isa = PBXFileReference; lastKnownFileType = sourcecode.swift; path = SceneDelegate.swift; sourceTree = "<group>"; };
		5C3430C323AE884C0076E2E1 /* ViewController.swift */ = {isa = PBXFileReference; lastKnownFileType = sourcecode.swift; path = ViewController.swift; sourceTree = "<group>"; };
		5C3430C623AE884C0076E2E1 /* Base */ = {isa = PBXFileReference; lastKnownFileType = file.storyboard; name = Base; path = Base.lproj/Main.storyboard; sourceTree = "<group>"; };
		5C3430C823AE884D0076E2E1 /* Assets.xcassets */ = {isa = PBXFileReference; lastKnownFileType = folder.assetcatalog; path = Assets.xcassets; sourceTree = "<group>"; };
		5C3430CB23AE884D0076E2E1 /* Base */ = {isa = PBXFileReference; lastKnownFileType = file.storyboard; name = Base; path = Base.lproj/LaunchScreen.storyboard; sourceTree = "<group>"; };
		5C3430CD23AE884D0076E2E1 /* Info.plist */ = {isa = PBXFileReference; lastKnownFileType = text.plist.xml; path = Info.plist; sourceTree = "<group>"; };
		5C3430F523AEC23F0076E2E1 /* SnakesDao.swift */ = {isa = PBXFileReference; lastKnownFileType = sourcecode.swift; path = SnakesDao.swift; sourceTree = "<group>"; };
		5CEDBBC423AF125B0002FCC9 /* ImageLoader.framework */ = {isa = PBXFileReference; explicitFileType = wrapper.framework; path = ImageLoader.framework; sourceTree = BUILT_PRODUCTS_DIR; };
		5CEDBBE423AF167D0002FCC9 /* Core.framework */ = {isa = PBXFileReference; explicitFileType = wrapper.framework; path = Core.framework; sourceTree = BUILT_PRODUCTS_DIR; };
		5CEDBC0623AF1C620002FCC9 /* CoreRepository.framework */ = {isa = PBXFileReference; explicitFileType = wrapper.framework; path = CoreRepository.framework; sourceTree = BUILT_PRODUCTS_DIR; };
		5CEDBC0923BB067D0002FCC9 /* CoreView.framework */ = {isa = PBXFileReference; explicitFileType = wrapper.framework; path = CoreView.framework; sourceTree = BUILT_PRODUCTS_DIR; };
/* End PBXFileReference section */

/* Begin PBXFrameworksBuildPhase section */
		5C3430B923AE884C0076E2E1 /* Frameworks */ = {
			isa = PBXFrameworksBuildPhase;
			buildActionMask = 2147483647;
			files = (
				5CEDBC0A23BB067D0002FCC9 /* CoreView.framework in Frameworks */,
				5CEDBC0723AF1C620002FCC9 /* CoreRepository.framework in Frameworks */,
			);
			runOnlyForDeploymentPostprocessing = 0;
		};
/* End PBXFrameworksBuildPhase section */

/* Begin PBXGroup section */
		5C3430B323AE884C0076E2E1 = {
			isa = PBXGroup;
			children = (
				5C3430BE23AE884C0076E2E1 /* ModulesExperiment */,
				5C3430BD23AE884C0076E2E1 /* Products */,
				5CEDBBC323AF125B0002FCC9 /* Frameworks */,
			);
			sourceTree = "<group>";
		};
		5C3430BD23AE884C0076E2E1 /* Products */ = {
			isa = PBXGroup;
			children = (
				5C3430BC23AE884C0076E2E1 /* ModulesExperiment.app */,
			);
			name = Products;
			sourceTree = "<group>";
		};
		5C3430BE23AE884C0076E2E1 /* ModulesExperiment */ = {
			isa = PBXGroup;
			children = (
				5C3430BF23AE884C0076E2E1 /* AppDelegate.swift */,
				5C3430C123AE884C0076E2E1 /* SceneDelegate.swift */,
				5C3430C323AE884C0076E2E1 /* ViewController.swift */,
				5C3430C523AE884C0076E2E1 /* Main.storyboard */,
				5C3430C823AE884D0076E2E1 /* Assets.xcassets */,
				5C3430CA23AE884D0076E2E1 /* LaunchScreen.storyboard */,
				5C3430CD23AE884D0076E2E1 /* Info.plist */,
				5C3430F523AEC23F0076E2E1 /* SnakesDao.swift */,
			);
			path = ModulesExperiment;
			sourceTree = "<group>";
		};
		5CEDBBC323AF125B0002FCC9 /* Frameworks */ = {
			isa = PBXGroup;
			children = (
				5CEDBC0923BB067D0002FCC9 /* CoreView.framework */,
				5CEDBC0623AF1C620002FCC9 /* CoreRepository.framework */,
				5CEDBBE423AF167D0002FCC9 /* Core.framework */,
				5CEDBBC423AF125B0002FCC9 /* ImageLoader.framework */,
			);
			name = Frameworks;
			sourceTree = "<group>";
		};
/* End PBXGroup section */

/* Begin PBXNativeTarget section */
		5C3430BB23AE884C0076E2E1 /* ModulesExperiment */ = {
			isa = PBXNativeTarget;
			buildConfigurationList = 5C3430D023AE884D0076E2E1 /* Build configuration list for PBXNativeTarget "ModulesExperiment" */;
			buildPhases = (
				5C3430B823AE884C0076E2E1 /* Sources */,
				5C3430B923AE884C0076E2E1 /* Frameworks */,
				5C3430BA23AE884C0076E2E1 /* Resources */,
				5CEDBBC723AF125B0002FCC9 /* Embed Frameworks */,
			);
			buildRules = (
			);
			dependencies = (
			);
			name = ModulesExperiment;
			packageProductDependencies = (
			);
			productName = ModulesExperiment;
			productReference = 5C3430BC23AE884C0076E2E1 /* ModulesExperiment.app */;
			productType = "com.apple.product-type.application";
		};
/* End PBXNativeTarget section */

/* Begin PBXProject section */
		5C3430B423AE884C0076E2E1 /* Project object */ = {
			isa = PBXProject;
			attributes = {
				KnownAssetTags = (
					New,
				);
				LastSwiftUpdateCheck = 1110;
				LastUpgradeCheck = 1110;
				ORGANIZATIONNAME = "Brad Patras";
				TargetAttributes = {
					5C3430BB23AE884C0076E2E1 = {
						CreatedOnToolsVersion = 11.1;
					};
				};
			};
			buildConfigurationList = 5C3430B723AE884C0076E2E1 /* Build configuration list for PBXProject "ModulesExperiment" */;
			compatibilityVersion = "Xcode 9.3";
			developmentRegion = en;
			hasScannedForEncodings = 0;
			knownRegions = (
				en,
				Base,
			);
			mainGroup = 5C3430B323AE884C0076E2E1;
			packageReferences = (
			);
			productRefGroup = 5C3430BD23AE884C0076E2E1 /* Products */;
			projectDirPath = "";
			projectRoot = "";
			targets = (
				5C3430BB23AE884C0076E2E1 /* ModulesExperiment */,
			);
		};
/* End PBXProject section */

/* Begin PBXResourcesBuildPhase section */
		5C3430BA23AE884C0076E2E1 /* Resources */ = {
			isa = PBXResourcesBuildPhase;
			buildActionMask = 2147483647;
			files = (
				5C3430CC23AE884D0076E2E1 /* LaunchScreen.storyboard in Resources */,
				5C3430C923AE884D0076E2E1 /* Assets.xcassets in Resources */,
				5C3430C723AE884C0076E2E1 /* Main.storyboard in Resources */,
			);
			runOnlyForDeploymentPostprocessing = 0;
		};
/* End PBXResourcesBuildPhase section */

/* Begin PBXSourcesBuildPhase section */
		5C3430B823AE884C0076E2E1 /* Sources */ = {
			isa = PBXSourcesBuildPhase;
			buildActionMask = 2147483647;
			files = (
				5C3430C423AE884C0076E2E1 /* ViewController.swift in Sources */,
				5C3430F623AEC23F0076E2E1 /* SnakesDao.swift in Sources */,
				5C3430C023AE884C0076E2E1 /* AppDelegate.swift in Sources */,
				5C3430C223AE884C0076E2E1 /* SceneDelegate.swift in Sources */,
			);
			runOnlyForDeploymentPostprocessing = 0;
		};
/* End PBXSourcesBuildPhase section */

/* Begin PBXVariantGroup section */
		5C3430C523AE884C0076E2E1 /* Main.storyboard */ = {
			isa = PBXVariantGroup;
			children = (
				5C3430C623AE884C0076E2E1 /* Base */,
			);
			name = Main.storyboard;
			sourceTree = "<group>";
		};
		5C3430CA23AE884D0076E2E1 /* LaunchScreen.storyboard */ = {
			isa = PBXVariantGroup;
			children = (
				5C3430CB23AE884D0076E2E1 /* Base */,
			);
			name = LaunchScreen.storyboard;
			sourceTree = "<group>";
		};
/* End PBXVariantGroup section */

/* Begin XCBuildConfiguration section */
		5C3430CE23AE884D0076E2E1 /* Debug */ = {
			isa = XCBuildConfiguration;
			buildSettings = {
				ALWAYS_SEARCH_USER_PATHS = NO;
				CLANG_ANALYZER_NONNULL = YES;
				CLANG_ANALYZER_NUMBER_OBJECT_CONVERSION = YES_AGGRESSIVE;
				CLANG_CXX_LANGUAGE_STANDARD = "gnu++14";
				CLANG_CXX_LIBRARY = "libc++";
				CLANG_ENABLE_MODULES = YES;
				CLANG_ENABLE_OBJC_ARC = YES;
				CLANG_ENABLE_OBJC_WEAK = YES;
				CLANG_WARN_BLOCK_CAPTURE_AUTORELEASING = YES;
				CLANG_WARN_BOOL_CONVERSION = YES;
				CLANG_WARN_COMMA = YES;
				CLANG_WARN_CONSTANT_CONVERSION = YES;
				CLANG_WARN_DEPRECATED_OBJC_IMPLEMENTATIONS = YES;
				CLANG_WARN_DIRECT_OBJC_ISA_USAGE = YES_ERROR;
				CLANG_WARN_DOCUMENTATION_COMMENTS = YES;
				CLANG_WARN_EMPTY_BODY = YES;
				CLANG_WARN_ENUM_CONVERSION = YES;
				CLANG_WARN_INFINITE_RECURSION = YES;
				CLANG_WARN_INT_CONVERSION = YES;
				CLANG_WARN_NON_LITERAL_NULL_CONVERSION = YES;
				CLANG_WARN_OBJC_IMPLICIT_RETAIN_SELF = YES;
				CLANG_WARN_OBJC_LITERAL_CONVERSION = YES;
				CLANG_WARN_OBJC_ROOT_CLASS = YES_ERROR;
				CLANG_WARN_RANGE_LOOP_ANALYSIS = YES;
				CLANG_WARN_STRICT_PROTOTYPES = YES;
				CLANG_WARN_SUSPICIOUS_MOVE = YES;
				CLANG_WARN_UNGUARDED_AVAILABILITY = YES_AGGRESSIVE;
				CLANG_WARN_UNREACHABLE_CODE = YES;
				CLANG_WARN__DUPLICATE_METHOD_MATCH = YES;
				COPY_PHASE_STRIP = NO;
				DEBUG_INFORMATION_FORMAT = dwarf;
				ENABLE_STRICT_OBJC_MSGSEND = YES;
				ENABLE_TESTABILITY = YES;
				GCC_C_LANGUAGE_STANDARD = gnu11;
				GCC_DYNAMIC_NO_PIC = NO;
				GCC_NO_COMMON_BLOCKS = YES;
				GCC_OPTIMIZATION_LEVEL = 0;
				GCC_PREPROCESSOR_DEFINITIONS = (
					"DEBUG=1",
					"$(inherited)",
				);
				GCC_WARN_64_TO_32_BIT_CONVERSION = YES;
				GCC_WARN_ABOUT_RETURN_TYPE = YES_ERROR;
				GCC_WARN_UNDECLARED_SELECTOR = YES;
				GCC_WARN_UNINITIALIZED_AUTOS = YES_AGGRESSIVE;
				GCC_WARN_UNUSED_FUNCTION = YES;
				GCC_WARN_UNUSED_VARIABLE = YES;
				IPHONEOS_DEPLOYMENT_TARGET = 13.1;
				MTL_ENABLE_DEBUG_INFO = INCLUDE_SOURCE;
				MTL_FAST_MATH = YES;
				ONLY_ACTIVE_ARCH = YES;
				SDKROOT = iphoneos;
				SWIFT_ACTIVE_COMPILATION_CONDITIONS = DEBUG;
				SWIFT_OPTIMIZATION_LEVEL = "-Onone";
			};
			name = Debug;
		};
		5C3430CF23AE884D0076E2E1 /* Release */ = {
			isa = XCBuildConfiguration;
			buildSettings = {
				ALWAYS_SEARCH_USER_PATHS = NO;
				CLANG_ANALYZER_NONNULL = YES;
				CLANG_ANALYZER_NUMBER_OBJECT_CONVERSION = YES_AGGRESSIVE;
				CLANG_CXX_LANGUAGE_STANDARD = "gnu++14";
				CLANG_CXX_LIBRARY = "libc++";
				CLANG_ENABLE_MODULES = YES;
				CLANG_ENABLE_OBJC_ARC = YES;
				CLANG_ENABLE_OBJC_WEAK = YES;
				CLANG_WARN_BLOCK_CAPTURE_AUTORELEASING = YES;
				CLANG_WARN_BOOL_CONVERSION = YES;
				CLANG_WARN_COMMA = YES;
				CLANG_WARN_CONSTANT_CONVERSION = YES;
				CLANG_WARN_DEPRECATED_OBJC_IMPLEMENTATIONS = YES;
				CLANG_WARN_DIRECT_OBJC_ISA_USAGE = YES_ERROR;
				CLANG_WARN_DOCUMENTATION_COMMENTS = YES;
				CLANG_WARN_EMPTY_BODY = YES;
				CLANG_WARN_ENUM_CONVERSION = YES;
				CLANG_WARN_INFINITE_RECURSION = YES;
				CLANG_WARN_INT_CONVERSION = YES;
				CLANG_WARN_NON_LITERAL_NULL_CONVERSION = YES;
				CLANG_WARN_OBJC_IMPLICIT_RETAIN_SELF = YES;
				CLANG_WARN_OBJC_LITERAL_CONVERSION = YES;
				CLANG_WARN_OBJC_ROOT_CLASS = YES_ERROR;
				CLANG_WARN_RANGE_LOOP_ANALYSIS = YES;
				CLANG_WARN_STRICT_PROTOTYPES = YES;
				CLANG_WARN_SUSPICIOUS_MOVE = YES;
				CLANG_WARN_UNGUARDED_AVAILABILITY = YES_AGGRESSIVE;
				CLANG_WARN_UNREACHABLE_CODE = YES;
				CLANG_WARN__DUPLICATE_METHOD_MATCH = YES;
				COPY_PHASE_STRIP = NO;
				DEBUG_INFORMATION_FORMAT = "dwarf-with-dsym";
				ENABLE_NS_ASSERTIONS = NO;
				ENABLE_STRICT_OBJC_MSGSEND = YES;
				GCC_C_LANGUAGE_STANDARD = gnu11;
				GCC_NO_COMMON_BLOCKS = YES;
				GCC_WARN_64_TO_32_BIT_CONVERSION = YES;
				GCC_WARN_ABOUT_RETURN_TYPE = YES_ERROR;
				GCC_WARN_UNDECLARED_SELECTOR = YES;
				GCC_WARN_UNINITIALIZED_AUTOS = YES_AGGRESSIVE;
				GCC_WARN_UNUSED_FUNCTION = YES;
				GCC_WARN_UNUSED_VARIABLE = YES;
				IPHONEOS_DEPLOYMENT_TARGET = 13.1;
				MTL_ENABLE_DEBUG_INFO = NO;
				MTL_FAST_MATH = YES;
				SDKROOT = iphoneos;
				SWIFT_COMPILATION_MODE = wholemodule;
				SWIFT_OPTIMIZATION_LEVEL = "-O";
				VALIDATE_PRODUCT = YES;
			};
			name = Release;
		};
		5C3430D123AE884D0076E2E1 /* Debug */ = {
			isa = XCBuildConfiguration;
			buildSettings = {
				ASSETCATALOG_COMPILER_APPICON_NAME = AppIcon;
				CODE_SIGN_STYLE = Automatic;
				DEVELOPMENT_TEAM = 4F8FPPEZ6N;
				INFOPLIST_FILE = ModulesExperiment/Info.plist;
				LD_RUNPATH_SEARCH_PATHS = (
					"$(inherited)",
					"@executable_path/Frameworks",
				);
				PRODUCT_BUNDLE_IDENTIFIER = io.github.bradpatras.ModulesExperiment;
				PRODUCT_NAME = "$(TARGET_NAME)";
				SWIFT_VERSION = 5.0;
				TARGETED_DEVICE_FAMILY = "1,2";
			};
			name = Debug;
		};
		5C3430D223AE884D0076E2E1 /* Release */ = {
			isa = XCBuildConfiguration;
			buildSettings = {
				ASSETCATALOG_COMPILER_APPICON_NAME = AppIcon;
				CODE_SIGN_STYLE = Automatic;
				DEVELOPMENT_TEAM = 4F8FPPEZ6N;
				INFOPLIST_FILE = ModulesExperiment/Info.plist;
				LD_RUNPATH_SEARCH_PATHS = (
					"$(inherited)",
					"@executable_path/Frameworks",
				);
				PRODUCT_BUNDLE_IDENTIFIER = io.github.bradpatras.ModulesExperiment;
				PRODUCT_NAME = "$(TARGET_NAME)";
				SWIFT_VERSION = 5.0;
				TARGETED_DEVICE_FAMILY = "1,2";
			};
			name = Release;
		};
/* End XCBuildConfiguration section */

/* Begin XCConfigurationList section */
		5C3430B723AE884C0076E2E1 /* Build configuration list for PBXProject "ModulesExperiment" */ = {
			isa = XCConfigurationList;
			buildConfigurations = (
				5C3430CE23AE884D0076E2E1 /* Debug */,
				5C3430CF23AE884D0076E2E1 /* Release */,
			);
			defaultConfigurationIsVisible = 0;
			defaultConfigurationName = Release;
		};
		5C3430D023AE884D0076E2E1 /* Build configuration list for PBXNativeTarget "ModulesExperiment" */ = {
			isa = XCConfigurationList;
			buildConfigurations = (
				5C3430D123AE884D0076E2E1 /* Debug */,
				5C3430D223AE884D0076E2E1 /* Release */,
			);
			defaultConfigurationIsVisible = 0;
			defaultConfigurationName = Release;
		};
/* End XCConfigurationList section */
	};
	rootObject = 5C3430B423AE884C0076E2E1 /* Project object */;
}
